
Microsoft Visual Studio Solution File, Format Version 12.00
# Visual Studio Version 17
VisualStudioVersion = 17.10.35122.118
MinimumVisualStudioVersion = 10.0.40219.1
Project("{FAE04EC0-301F-11D3-BF4B-00C04F79EFBC}") = "Cafeteria.Server", "Cafeteria.Server\Cafeteria.Server.csproj", "{AFCDCCA2-B874-448F-B169-4251708061DA}"
EndProject
Project("{FAE04EC0-301F-11D3-BF4B-00C04F79EFBC}") = "Cafeteria.BD", "Cafeteria.BD\Cafeteria.BD.csproj", "{4B5DE0EA-67B7-453F-9F62-035F4ABD9894}"
EndProject
Global
	GlobalSection(SolutionConfigurationPlatforms) = preSolution
		Debug|Any CPU = Debug|Any CPU
		Release|Any CPU = Release|Any CPU
	EndGlobalSection
	GlobalSection(ProjectConfigurationPlatforms) = postSolution
		{AFCDCCA2-B874-448F-B169-4251708061DA}.Debug|Any CPU.ActiveCfg = Debug|Any CPU
		{AFCDCCA2-B874-448F-B169-4251708061DA}.Debug|Any CPU.Build.0 = Debug|Any CPU
		{AFCDCCA2-B874-448F-B169-4251708061DA}.Release|Any CPU.ActiveCfg = Release|Any CPU
		{AFCDCCA2-B874-448F-B169-4251708061DA}.Release|Any CPU.Build.0 = Release|Any CPU
		{4B5DE0EA-67B7-453F-9F62-035F4ABD9894}.Debug|Any CPU.ActiveCfg = Debug|Any CPU
		{4B5DE0EA-67B7-453F-9F62-035F4ABD9894}.Debug|Any CPU.Build.0 = Debug|Any CPU
		{4B5DE0EA-67B7-453F-9F62-035F4ABD9894}.Release|Any CPU.ActiveCfg = Release|Any CPU
		{4B5DE0EA-67B7-453F-9F62-035F4ABD9894}.Release|Any CPU.Build.0 = Release|Any CPU
	EndGlobalSection
	GlobalSection(SolutionProperties) = preSolution
		HideSolutionNode = FALSE
	EndGlobalSection
	GlobalSection(ExtensibilityGlobals) = postSolution
		SolutionGuid = {8EF27D7E-CBE3-4783-A308-6A56C0E29534}
	EndGlobalSection
EndGlobal
